
Microsoft Visual Studio Solution File, Format Version 12.00
# Visual Studio 14
VisualStudioVersion = 14.0.25420.1
MinimumVisualStudioVersion = 10.0.40219.1
Project("{8BC9CEB8-8B4A-11D0-8D11-00A0C91BC942}") = "DXGIConsoleApplication", "DXGIConsoleApplication\DXGIConsoleApplication.vcxproj", "{1A2EFCB8-2FF3-41DE-906F-1B79480E813B}"
EndProject
Global
	GlobalSection(SolutionConfigurationPlatforms) = preSolution
		Debug|x64 = Debug|x64
		Debug|x86 = Debug|x86
		Release|x64 = Release|x64
		Release|x86 = Release|x86
	EndGlobalSection
	GlobalSection(ProjectConfigurationPlatforms) = postSolution
		{1A2EFCB8-2FF3-41DE-906F-1B79480E813B}.Debug|x64.ActiveCfg = Debug|x64
		{1A2EFCB8-2FF3-41DE-906F-1B79480E813B}.Debug|x64.Build.0 = Debug|x64
		{1A2EFCB8-2FF3-41DE-906F-1B79480E813B}.Debug|x86.ActiveCfg = Debug|Win32
		{1A2EFCB8-2FF3-41DE-906F-1B79480E813B}.Debug|x86.Build.0 = Debug|Win32
		{1A2EFCB8-2FF3-41DE-906F-1B79480E813B}.Release|x64.ActiveCfg = Release|x64
		{1A2EFCB8-2FF3-41DE-906F-1B79480E813B}.Release|x64.Build.0 = Release|x64
		{1A2EFCB8-2FF3-41DE-906F-1B79480E813B}.Release|x86.ActiveCfg = Release|Win32
		{1A2EFCB8-2FF3-41DE-906F-1B79480E813B}.Release|x86.Build.0 = Release|Win32
	EndGlobalSection
	GlobalSection(SolutionProperties) = preSolution
		HideSolutionNode = FALSE
	EndGlobalSection
EndGlobal
